
Microsoft Visual Studio Solution File, Format Version 12.00
# Visual Studio Version 17
VisualStudioVersion = 17.11.35312.102
MinimumVisualStudioVersion = 10.0.40219.1
Project("{8BC9CEB8-8B4A-11D0-8D11-00A0C91BC942}") = "Project01", "Project01\Project01.vcxproj", "{9C1D1454-F781-4B6B-9DAD-BFB9ECA57440}"
EndProject
Project("{8BC9CEB8-8B4A-11D0-8D11-00A0C91BC942}") = "Project02", "Project02\Project02.vcxproj", "{7E6B0891-2C91-41E2-9F32-28E5DA8E40AA}"
EndProject
Project("{8BC9CEB8-8B4A-11D0-8D11-00A0C91BC942}") = "Project03", "Project03\Project03.vcxproj", "{531EEA79-F72C-4BD9-BC02-A9EB5924E29A}"
EndProject
Project("{8BC9CEB8-8B4A-11D0-8D11-00A0C91BC942}") = "Project04", "Project04\Project04.vcxproj", "{6DF54435-F29D-4B28-8C94-ED6D5177F9D3}"
EndProject
Project("{8BC9CEB8-8B4A-11D0-8D11-00A0C91BC942}") = "Project05", "Project05\Project05.vcxproj", "{8FB66BB6-E7D8-4387-83F4-177E142D60F3}"
EndProject
Project("{8BC9CEB8-8B4A-11D0-8D11-00A0C91BC942}") = "Project06", "Project06\Project06.vcxproj", "{E98C6F1D-7197-4F10-8E62-A0D047064308}"
EndProject
Project("{8BC9CEB8-8B4A-11D0-8D11-00A0C91BC942}") = "Project07", "Project07\Project07.vcxproj", "{793C1C13-370C-4B3B-82E3-E0CE0F6AD968}"
EndProject
Project("{8BC9CEB8-8B4A-11D0-8D11-00A0C91BC942}") = "Project08", "Project08\Project08.vcxproj", "{2C6CD2DF-85F6-4B51-A125-68F554DB8994}"
EndProject
Project("{8BC9CEB8-8B4A-11D0-8D11-00A0C91BC942}") = "Project09", "Project09\Project09.vcxproj", "{385ECC91-55F6-4D63-9121-011053897413}"
EndProject
Project("{8BC9CEB8-8B4A-11D0-8D11-00A0C91BC942}") = "Project10", "Project10\Project10.vcxproj", "{99AC4EAB-A9E9-474D-A93E-58C06B6B89DD}"
EndProject
Global
	GlobalSection(SolutionConfigurationPlatforms) = preSolution
		Debug|x64 = Debug|x64
		Debug|x86 = Debug|x86
		Release|x64 = Release|x64
		Release|x86 = Release|x86
	EndGlobalSection
	GlobalSection(ProjectConfigurationPlatforms) = postSolution
		{9C1D1454-F781-4B6B-9DAD-BFB9ECA57440}.Debug|x64.ActiveCfg = Debug|x64
		{9C1D1454-F781-4B6B-9DAD-BFB9ECA57440}.Debug|x64.Build.0 = Debug|x64
		{9C1D1454-F781-4B6B-9DAD-BFB9ECA57440}.Debug|x86.ActiveCfg = Debug|Win32
		{9C1D1454-F781-4B6B-9DAD-BFB9ECA57440}.Debug|x86.Build.0 = Debug|Win32
		{9C1D1454-F781-4B6B-9DAD-BFB9ECA57440}.Release|x64.ActiveCfg = Release|x64
		{9C1D1454-F781-4B6B-9DAD-BFB9ECA57440}.Release|x64.Build.0 = Release|x64
		{9C1D1454-F781-4B6B-9DAD-BFB9ECA57440}.Release|x86.ActiveCfg = Release|Win32
		{9C1D1454-F781-4B6B-9DAD-BFB9ECA57440}.Release|x86.Build.0 = Release|Win32
		{7E6B0891-2C91-41E2-9F32-28E5DA8E40AA}.Debug|x64.ActiveCfg = Debug|x64
		{7E6B0891-2C91-41E2-9F32-28E5DA8E40AA}.Debug|x64.Build.0 = Debug|x64
		{7E6B0891-2C91-41E2-9F32-28E5DA8E40AA}.Debug|x86.ActiveCfg = Debug|Win32
		{7E6B0891-2C91-41E2-9F32-28E5DA8E40AA}.Debug|x86.Build.0 = Debug|Win32
		{7E6B0891-2C91-41E2-9F32-28E5DA8E40AA}.Release|x64.ActiveCfg = Release|x64
		{7E6B0891-2C91-41E2-9F32-28E5DA8E40AA}.Release|x64.Build.0 = Release|x64
		{7E6B0891-2C91-41E2-9F32-28E5DA8E40AA}.Release|x86.ActiveCfg = Release|Win32
		{7E6B0891-2C91-41E2-9F32-28E5DA8E40AA}.Release|x86.Build.0 = Release|Win32
		{531EEA79-F72C-4BD9-BC02-A9EB5924E29A}.Debug|x64.ActiveCfg = Debug|x64
		{531EEA79-F72C-4BD9-BC02-A9EB5924E29A}.Debug|x64.Build.0 = Debug|x64
		{531EEA79-F72C-4BD9-BC02-A9EB5924E29A}.Debug|x86.ActiveCfg = Debug|Win32
		{531EEA79-F72C-4BD9-BC02-A9EB5924E29A}.Debug|x86.Build.0 = Debug|Win32
		{531EEA79-F72C-4BD9-BC02-A9EB5924E29A}.Release|x64.ActiveCfg = Release|x64
		{531EEA79-F72C-4BD9-BC02-A9EB5924E29A}.Release|x64.Build.0 = Release|x64
		{531EEA79-F72C-4BD9-BC02-A9EB5924E29A}.Release|x86.ActiveCfg = Release|Win32
		{531EEA79-F72C-4BD9-BC02-A9EB5924E29A}.Release|x86.Build.0 = Release|Win32
		{6DF54435-F29D-4B28-8C94-ED6D5177F9D3}.Debug|x64.ActiveCfg = Debug|x64
		{6DF54435-F29D-4B28-8C94-ED6D5177F9D3}.Debug|x64.Build.0 = Debug|x64
		{6DF54435-F29D-4B28-8C94-ED6D5177F9D3}.Debug|x86.ActiveCfg = Debug|Win32
		{6DF54435-F29D-4B28-8C94-ED6D5177F9D3}.Debug|x86.Build.0 = Debug|Win32
		{6DF54435-F29D-4B28-8C94-ED6D5177F9D3}.Release|x64.ActiveCfg = Release|x64
		{6DF54435-F29D-4B28-8C94-ED6D5177F9D3}.Release|x64.Build.0 = Release|x64
		{6DF54435-F29D-4B28-8C94-ED6D5177F9D3}.Release|x86.ActiveCfg = Release|Win32
		{6DF54435-F29D-4B28-8C94-ED6D5177F9D3}.Release|x86.Build.0 = Release|Win32
		{8FB66BB6-E7D8-4387-83F4-177E142D60F3}.Debug|x64.ActiveCfg = Debug|x64
		{8FB66BB6-E7D8-4387-83F4-177E142D60F3}.Debug|x64.Build.0 = Debug|x64
		{8FB66BB6-E7D8-4387-83F4-177E142D60F3}.Debug|x86.ActiveCfg = Debug|Win32
		{8FB66BB6-E7D8-4387-83F4-177E142D60F3}.Debug|x86.Build.0 = Debug|Win32
		{8FB66BB6-E7D8-4387-83F4-177E142D60F3}.Release|x64.ActiveCfg = Release|x64
		{8FB66BB6-E7D8-4387-83F4-177E142D60F3}.Release|x64.Build.0 = Release|x64
		{8FB66BB6-E7D8-4387-83F4-177E142D60F3}.Release|x86.ActiveCfg = Release|Win32
		{8FB66BB6-E7D8-4387-83F4-177E142D60F3}.Release|x86.Build.0 = Release|Win32
		{E98C6F1D-7197-4F10-8E62-A0D047064308}.Debug|x64.ActiveCfg = Debug|x64
		{E98C6F1D-7197-4F10-8E62-A0D047064308}.Debug|x64.Build.0 = Debug|x64
		{E98C6F1D-7197-4F10-8E62-A0D047064308}.Debug|x86.ActiveCfg = Debug|Win32
		{E98C6F1D-7197-4F10-8E62-A0D047064308}.Debug|x86.Build.0 = Debug|Win32
		{E98C6F1D-7197-4F10-8E62-A0D047064308}.Release|x64.ActiveCfg = Release|x64
		{E98C6F1D-7197-4F10-8E62-A0D047064308}.Release|x64.Build.0 = Release|x64
		{E98C6F1D-7197-4F10-8E62-A0D047064308}.Release|x86.ActiveCfg = Release|Win32
		{E98C6F1D-7197-4F10-8E62-A0D047064308}.Release|x86.Build.0 = Release|Win32
		{793C1C13-370C-4B3B-82E3-E0CE0F6AD968}.Debug|x64.ActiveCfg = Debug|x64
		{793C1C13-370C-4B3B-82E3-E0CE0F6AD968}.Debug|x64.Build.0 = Debug|x64
		{793C1C13-370C-4B3B-82E3-E0CE0F6AD968}.Debug|x86.ActiveCfg = Debug|Win32
		{793C1C13-370C-4B3B-82E3-E0CE0F6AD968}.Debug|x86.Build.0 = Debug|Win32
		{793C1C13-370C-4B3B-82E3-E0CE0F6AD968}.Release|x64.ActiveCfg = Release|x64
		{793C1C13-370C-4B3B-82E3-E0CE0F6AD968}.Release|x64.Build.0 = Release|x64
		{793C1C13-370C-4B3B-82E3-E0CE0F6AD968}.Release|x86.ActiveCfg = Release|Win32
		{793C1C13-370C-4B3B-82E3-E0CE0F6AD968}.Release|x86.Build.0 = Release|Win32
		{2C6CD2DF-85F6-4B51-A125-68F554DB8994}.Debug|x64.ActiveCfg = Debug|x64
		{2C6CD2DF-85F6-4B51-A125-68F554DB8994}.Debug|x64.Build.0 = Debug|x64
		{2C6CD2DF-85F6-4B51-A125-68F554DB8994}.Debug|x86.ActiveCfg = Debug|Win32
		{2C6CD2DF-85F6-4B51-A125-68F554DB8994}.Debug|x86.Build.0 = Debug|Win32
		{2C6CD2DF-85F6-4B51-A125-68F554DB8994}.Release|x64.ActiveCfg = Release|x64
		{2C6CD2DF-85F6-4B51-A125-68F554DB8994}.Release|x64.Build.0 = Release|x64
		{2C6CD2DF-85F6-4B51-A125-68F554DB8994}.Release|x86.ActiveCfg = Release|Win32
		{2C6CD2DF-85F6-4B51-A125-68F554DB8994}.Release|x86.Build.0 = Release|Win32
		{385ECC91-55F6-4D63-9121-011053897413}.Debug|x64.ActiveCfg = Debug|x64
		{385ECC91-55F6-4D63-9121-011053897413}.Debug|x64.Build.0 = Debug|x64
		{385ECC91-55F6-4D63-9121-011053897413}.Debug|x86.ActiveCfg = Debug|Win32
		{385ECC91-55F6-4D63-9121-011053897413}.Debug|x86.Build.0 = Debug|Win32
		{385ECC91-55F6-4D63-9121-011053897413}.Release|x64.ActiveCfg = Release|x64
		{385ECC91-55F6-4D63-9121-011053897413}.Release|x64.Build.0 = Release|x64
		{385ECC91-55F6-4D63-9121-011053897413}.Release|x86.ActiveCfg = Release|Win32
		{385ECC91-55F6-4D63-9121-011053897413}.Release|x86.Build.0 = Release|Win32
		{99AC4EAB-A9E9-474D-A93E-58C06B6B89DD}.Debug|x64.ActiveCfg = Debug|x64
		{99AC4EAB-A9E9-474D-A93E-58C06B6B89DD}.Debug|x64.Build.0 = Debug|x64
		{99AC4EAB-A9E9-474D-A93E-58C06B6B89DD}.Debug|x86.ActiveCfg = Debug|Win32
		{99AC4EAB-A9E9-474D-A93E-58C06B6B89DD}.Debug|x86.Build.0 = Debug|Win32
		{99AC4EAB-A9E9-474D-A93E-58C06B6B89DD}.Release|x64.ActiveCfg = Release|x64
		{99AC4EAB-A9E9-474D-A93E-58C06B6B89DD}.Release|x64.Build.0 = Release|x64
		{99AC4EAB-A9E9-474D-A93E-58C06B6B89DD}.Release|x86.ActiveCfg = Release|Win32
		{99AC4EAB-A9E9-474D-A93E-58C06B6B89DD}.Release|x86.Build.0 = Release|Win32
	EndGlobalSection
	GlobalSection(SolutionProperties) = preSolution
		HideSolutionNode = FALSE
	EndGlobalSection
	GlobalSection(ExtensibilityGlobals) = postSolution
		SolutionGuid = {80560168-0CCD-4C41-90E0-CB7AF288329B}
	EndGlobalSection
EndGlobal
