
Microsoft Visual Studio Solution File, Format Version 12.00
# Visual Studio Version 17
VisualStudioVersion = 17.13.35825.156 d17.13
MinimumVisualStudioVersion = 10.0.40219.1
Project("{8BC9CEB8-8B4A-11D0-8D11-00A0C91BC942}") = "Project1", "Project1\Project1.vcxproj", "{9A434DCF-DE44-406F-9321-46DCEA87CC1E}"
EndProject
Project("{8BC9CEB8-8B4A-11D0-8D11-00A0C91BC942}") = "Project2", "Project2\Project2.vcxproj", "{5BF95D16-0760-429F-A801-1FB5CD23DAD1}"
EndProject
Project("{8BC9CEB8-8B4A-11D0-8D11-00A0C91BC942}") = "Project3", "Project3\Project3.vcxproj", "{EA80C8A4-ECF8-41C9-9D58-248E60E57A98}"
EndProject
Project("{8BC9CEB8-8B4A-11D0-8D11-00A0C91BC942}") = "Project4", "Project4\Project4.vcxproj", "{3DC5AF7E-4495-4567-97E2-BCE30D1FADFE}"
EndProject
Project("{8BC9CEB8-8B4A-11D0-8D11-00A0C91BC942}") = "Project5", "Project5\Project5.vcxproj", "{9B2C1A44-9790-475D-8357-AEC3E1BD1135}"
EndProject
Project("{8BC9CEB8-8B4A-11D0-8D11-00A0C91BC942}") = "Project6", "Project6\Project6.vcxproj", "{32A7EC8E-8E0D-4B61-815B-60B67E118AC2}"
EndProject
Project("{8BC9CEB8-8B4A-11D0-8D11-00A0C91BC942}") = "Project7", "Project7\Project7.vcxproj", "{1D648C71-0608-4669-BC4A-0E9A09DFFFC7}"
EndProject
Project("{8BC9CEB8-8B4A-11D0-8D11-00A0C91BC942}") = "Project8", "Project8\Project8.vcxproj", "{A2416E95-CE3F-46C3-B284-5394D316D988}"
EndProject
Project("{8BC9CEB8-8B4A-11D0-8D11-00A0C91BC942}") = "Project9", "Project9\Project9.vcxproj", "{D74B8970-355E-4432-AEF4-529EB9C335B6}"
EndProject
Project("{8BC9CEB8-8B4A-11D0-8D11-00A0C91BC942}") = "Project10", "Project10\Project10.vcxproj", "{3C7002CC-4D16-490A-8078-3FAEE6868890}"
EndProject
Project("{8BC9CEB8-8B4A-11D0-8D11-00A0C91BC942}") = "Project11", "Project11\Project11.vcxproj", "{E72DAB4A-6E54-4F9B-83C7-268A863DD153}"
EndProject
Project("{8BC9CEB8-8B4A-11D0-8D11-00A0C91BC942}") = "Project12", "Project12\Project12.vcxproj", "{FF199E2C-C3A9-4D15-98A8-639E18970FE6}"
EndProject
Project("{8BC9CEB8-8B4A-11D0-8D11-00A0C91BC942}") = "Project13", "Project13\Project13.vcxproj", "{BA9581A0-B978-429C-8BF5-4BA108ACE626}"
EndProject
Project("{8BC9CEB8-8B4A-11D0-8D11-00A0C91BC942}") = "Project14", "Project14\Project14.vcxproj", "{FE180983-95F7-496C-8B5E-B01AA06B1BA5}"
EndProject
Project("{8BC9CEB8-8B4A-11D0-8D11-00A0C91BC942}") = "Project15", "Project15\Project15.vcxproj", "{2E9659E5-0D91-46C9-A4DA-05504423E98F}"
EndProject
Project("{8BC9CEB8-8B4A-11D0-8D11-00A0C91BC942}") = "Project16", "Project16\Project16.vcxproj", "{7E6CE79B-61CB-47DF-BCF5-D99246F5DD83}"
EndProject
Global
	GlobalSection(SolutionConfigurationPlatforms) = preSolution
		Debug|x64 = Debug|x64
		Debug|x86 = Debug|x86
		Release|x64 = Release|x64
		Release|x86 = Release|x86
	EndGlobalSection
	GlobalSection(ProjectConfigurationPlatforms) = postSolution
		{9A434DCF-DE44-406F-9321-46DCEA87CC1E}.Debug|x64.ActiveCfg = Debug|x64
		{9A434DCF-DE44-406F-9321-46DCEA87CC1E}.Debug|x64.Build.0 = Debug|x64
		{9A434DCF-DE44-406F-9321-46DCEA87CC1E}.Debug|x86.ActiveCfg = Debug|Win32
		{9A434DCF-DE44-406F-9321-46DCEA87CC1E}.Debug|x86.Build.0 = Debug|Win32
		{9A434DCF-DE44-406F-9321-46DCEA87CC1E}.Release|x64.ActiveCfg = Release|x64
		{9A434DCF-DE44-406F-9321-46DCEA87CC1E}.Release|x64.Build.0 = Release|x64
		{9A434DCF-DE44-406F-9321-46DCEA87CC1E}.Release|x86.ActiveCfg = Release|Win32
		{9A434DCF-DE44-406F-9321-46DCEA87CC1E}.Release|x86.Build.0 = Release|Win32
		{5BF95D16-0760-429F-A801-1FB5CD23DAD1}.Debug|x64.ActiveCfg = Debug|x64
		{5BF95D16-0760-429F-A801-1FB5CD23DAD1}.Debug|x64.Build.0 = Debug|x64
		{5BF95D16-0760-429F-A801-1FB5CD23DAD1}.Debug|x86.ActiveCfg = Debug|Win32
		{5BF95D16-0760-429F-A801-1FB5CD23DAD1}.Debug|x86.Build.0 = Debug|Win32
		{5BF95D16-0760-429F-A801-1FB5CD23DAD1}.Release|x64.ActiveCfg = Release|x64
		{5BF95D16-0760-429F-A801-1FB5CD23DAD1}.Release|x64.Build.0 = Release|x64
		{5BF95D16-0760-429F-A801-1FB5CD23DAD1}.Release|x86.ActiveCfg = Release|Win32
		{5BF95D16-0760-429F-A801-1FB5CD23DAD1}.Release|x86.Build.0 = Release|Win32
		{EA80C8A4-ECF8-41C9-9D58-248E60E57A98}.Debug|x64.ActiveCfg = Debug|x64
		{EA80C8A4-ECF8-41C9-9D58-248E60E57A98}.Debug|x64.Build.0 = Debug|x64
		{EA80C8A4-ECF8-41C9-9D58-248E60E57A98}.Debug|x86.ActiveCfg = Debug|Win32
		{EA80C8A4-ECF8-41C9-9D58-248E60E57A98}.Debug|x86.Build.0 = Debug|Win32
		{EA80C8A4-ECF8-41C9-9D58-248E60E57A98}.Release|x64.ActiveCfg = Release|x64
		{EA80C8A4-ECF8-41C9-9D58-248E60E57A98}.Release|x64.Build.0 = Release|x64
		{EA80C8A4-ECF8-41C9-9D58-248E60E57A98}.Release|x86.ActiveCfg = Release|Win32
		{EA80C8A4-ECF8-41C9-9D58-248E60E57A98}.Release|x86.Build.0 = Release|Win32
		{3DC5AF7E-4495-4567-97E2-BCE30D1FADFE}.Debug|x64.ActiveCfg = Debug|x64
		{3DC5AF7E-4495-4567-97E2-BCE30D1FADFE}.Debug|x64.Build.0 = Debug|x64
		{3DC5AF7E-4495-4567-97E2-BCE30D1FADFE}.Debug|x86.ActiveCfg = Debug|Win32
		{3DC5AF7E-4495-4567-97E2-BCE30D1FADFE}.Debug|x86.Build.0 = Debug|Win32
		{3DC5AF7E-4495-4567-97E2-BCE30D1FADFE}.Release|x64.ActiveCfg = Release|x64
		{3DC5AF7E-4495-4567-97E2-BCE30D1FADFE}.Release|x64.Build.0 = Release|x64
		{3DC5AF7E-4495-4567-97E2-BCE30D1FADFE}.Release|x86.ActiveCfg = Release|Win32
		{3DC5AF7E-4495-4567-97E2-BCE30D1FADFE}.Release|x86.Build.0 = Release|Win32
		{9B2C1A44-9790-475D-8357-AEC3E1BD1135}.Debug|x64.ActiveCfg = Debug|x64
		{9B2C1A44-9790-475D-8357-AEC3E1BD1135}.Debug|x64.Build.0 = Debug|x64
		{9B2C1A44-9790-475D-8357-AEC3E1BD1135}.Debug|x86.ActiveCfg = Debug|Win32
		{9B2C1A44-9790-475D-8357-AEC3E1BD1135}.Debug|x86.Build.0 = Debug|Win32
		{9B2C1A44-9790-475D-8357-AEC3E1BD1135}.Release|x64.ActiveCfg = Release|x64
		{9B2C1A44-9790-475D-8357-AEC3E1BD1135}.Release|x64.Build.0 = Release|x64
		{9B2C1A44-9790-475D-8357-AEC3E1BD1135}.Release|x86.ActiveCfg = Release|Win32
		{9B2C1A44-9790-475D-8357-AEC3E1BD1135}.Release|x86.Build.0 = Release|Win32
		{32A7EC8E-8E0D-4B61-815B-60B67E118AC2}.Debug|x64.ActiveCfg = Debug|x64
		{32A7EC8E-8E0D-4B61-815B-60B67E118AC2}.Debug|x64.Build.0 = Debug|x64
		{32A7EC8E-8E0D-4B61-815B-60B67E118AC2}.Debug|x86.ActiveCfg = Debug|Win32
		{32A7EC8E-8E0D-4B61-815B-60B67E118AC2}.Debug|x86.Build.0 = Debug|Win32
		{32A7EC8E-8E0D-4B61-815B-60B67E118AC2}.Release|x64.ActiveCfg = Release|x64
		{32A7EC8E-8E0D-4B61-815B-60B67E118AC2}.Release|x64.Build.0 = Release|x64
		{32A7EC8E-8E0D-4B61-815B-60B67E118AC2}.Release|x86.ActiveCfg = Release|Win32
		{32A7EC8E-8E0D-4B61-815B-60B67E118AC2}.Release|x86.Build.0 = Release|Win32
		{1D648C71-0608-4669-BC4A-0E9A09DFFFC7}.Debug|x64.ActiveCfg = Debug|x64
		{1D648C71-0608-4669-BC4A-0E9A09DFFFC7}.Debug|x64.Build.0 = Debug|x64
		{1D648C71-0608-4669-BC4A-0E9A09DFFFC7}.Debug|x86.ActiveCfg = Debug|Win32
		{1D648C71-0608-4669-BC4A-0E9A09DFFFC7}.Debug|x86.Build.0 = Debug|Win32
		{1D648C71-0608-4669-BC4A-0E9A09DFFFC7}.Release|x64.ActiveCfg = Release|x64
		{1D648C71-0608-4669-BC4A-0E9A09DFFFC7}.Release|x64.Build.0 = Release|x64
		{1D648C71-0608-4669-BC4A-0E9A09DFFFC7}.Release|x86.ActiveCfg = Release|Win32
		{1D648C71-0608-4669-BC4A-0E9A09DFFFC7}.Release|x86.Build.0 = Release|Win32
		{A2416E95-CE3F-46C3-B284-5394D316D988}.Debug|x64.ActiveCfg = Debug|x64
		{A2416E95-CE3F-46C3-B284-5394D316D988}.Debug|x64.Build.0 = Debug|x64
		{A2416E95-CE3F-46C3-B284-5394D316D988}.Debug|x86.ActiveCfg = Debug|Win32
		{A2416E95-CE3F-46C3-B284-5394D316D988}.Debug|x86.Build.0 = Debug|Win32
		{A2416E95-CE3F-46C3-B284-5394D316D988}.Release|x64.ActiveCfg = Release|x64
		{A2416E95-CE3F-46C3-B284-5394D316D988}.Release|x64.Build.0 = Release|x64
		{A2416E95-CE3F-46C3-B284-5394D316D988}.Release|x86.ActiveCfg = Release|Win32
		{A2416E95-CE3F-46C3-B284-5394D316D988}.Release|x86.Build.0 = Release|Win32
		{D74B8970-355E-4432-AEF4-529EB9C335B6}.Debug|x64.ActiveCfg = Debug|x64
		{D74B8970-355E-4432-AEF4-529EB9C335B6}.Debug|x64.Build.0 = Debug|x64
		{D74B8970-355E-4432-AEF4-529EB9C335B6}.Debug|x86.ActiveCfg = Debug|Win32
		{D74B8970-355E-4432-AEF4-529EB9C335B6}.Debug|x86.Build.0 = Debug|Win32
		{D74B8970-355E-4432-AEF4-529EB9C335B6}.Release|x64.ActiveCfg = Release|x64
		{D74B8970-355E-4432-AEF4-529EB9C335B6}.Release|x64.Build.0 = Release|x64
		{D74B8970-355E-4432-AEF4-529EB9C335B6}.Release|x86.ActiveCfg = Release|Win32
		{D74B8970-355E-4432-AEF4-529EB9C335B6}.Release|x86.Build.0 = Release|Win32
		{3C7002CC-4D16-490A-8078-3FAEE6868890}.Debug|x64.ActiveCfg = Debug|x64
		{3C7002CC-4D16-490A-8078-3FAEE6868890}.Debug|x64.Build.0 = Debug|x64
		{3C7002CC-4D16-490A-8078-3FAEE6868890}.Debug|x86.ActiveCfg = Debug|Win32
		{3C7002CC-4D16-490A-8078-3FAEE6868890}.Debug|x86.Build.0 = Debug|Win32
		{3C7002CC-4D16-490A-8078-3FAEE6868890}.Release|x64.ActiveCfg = Release|x64
		{3C7002CC-4D16-490A-8078-3FAEE6868890}.Release|x64.Build.0 = Release|x64
		{3C7002CC-4D16-490A-8078-3FAEE6868890}.Release|x86.ActiveCfg = Release|Win32
		{3C7002CC-4D16-490A-8078-3FAEE6868890}.Release|x86.Build.0 = Release|Win32
		{E72DAB4A-6E54-4F9B-83C7-268A863DD153}.Debug|x64.ActiveCfg = Debug|x64
		{E72DAB4A-6E54-4F9B-83C7-268A863DD153}.Debug|x64.Build.0 = Debug|x64
		{E72DAB4A-6E54-4F9B-83C7-268A863DD153}.Debug|x86.ActiveCfg = Debug|Win32
		{E72DAB4A-6E54-4F9B-83C7-268A863DD153}.Debug|x86.Build.0 = Debug|Win32
		{E72DAB4A-6E54-4F9B-83C7-268A863DD153}.Release|x64.ActiveCfg = Release|x64
		{E72DAB4A-6E54-4F9B-83C7-268A863DD153}.Release|x64.Build.0 = Release|x64
		{E72DAB4A-6E54-4F9B-83C7-268A863DD153}.Release|x86.ActiveCfg = Release|Win32
		{E72DAB4A-6E54-4F9B-83C7-268A863DD153}.Release|x86.Build.0 = Release|Win32
		{FF199E2C-C3A9-4D15-98A8-639E18970FE6}.Debug|x64.ActiveCfg = Debug|x64
		{FF199E2C-C3A9-4D15-98A8-639E18970FE6}.Debug|x64.Build.0 = Debug|x64
		{FF199E2C-C3A9-4D15-98A8-639E18970FE6}.Debug|x86.ActiveCfg = Debug|Win32
		{FF199E2C-C3A9-4D15-98A8-639E18970FE6}.Debug|x86.Build.0 = Debug|Win32
		{FF199E2C-C3A9-4D15-98A8-639E18970FE6}.Release|x64.ActiveCfg = Release|x64
		{FF199E2C-C3A9-4D15-98A8-639E18970FE6}.Release|x64.Build.0 = Release|x64
		{FF199E2C-C3A9-4D15-98A8-639E18970FE6}.Release|x86.ActiveCfg = Release|Win32
		{FF199E2C-C3A9-4D15-98A8-639E18970FE6}.Release|x86.Build.0 = Release|Win32
		{BA9581A0-B978-429C-8BF5-4BA108ACE626}.Debug|x64.ActiveCfg = Debug|x64
		{BA9581A0-B978-429C-8BF5-4BA108ACE626}.Debug|x64.Build.0 = Debug|x64
		{BA9581A0-B978-429C-8BF5-4BA108ACE626}.Debug|x86.ActiveCfg = Debug|Win32
		{BA9581A0-B978-429C-8BF5-4BA108ACE626}.Debug|x86.Build.0 = Debug|Win32
		{BA9581A0-B978-429C-8BF5-4BA108ACE626}.Release|x64.ActiveCfg = Release|x64
		{BA9581A0-B978-429C-8BF5-4BA108ACE626}.Release|x64.Build.0 = Release|x64
		{BA9581A0-B978-429C-8BF5-4BA108ACE626}.Release|x86.ActiveCfg = Release|Win32
		{BA9581A0-B978-429C-8BF5-4BA108ACE626}.Release|x86.Build.0 = Release|Win32
		{FE180983-95F7-496C-8B5E-B01AA06B1BA5}.Debug|x64.ActiveCfg = Debug|x64
		{FE180983-95F7-496C-8B5E-B01AA06B1BA5}.Debug|x64.Build.0 = Debug|x64
		{FE180983-95F7-496C-8B5E-B01AA06B1BA5}.Debug|x86.ActiveCfg = Debug|Win32
		{FE180983-95F7-496C-8B5E-B01AA06B1BA5}.Debug|x86.Build.0 = Debug|Win32
		{FE180983-95F7-496C-8B5E-B01AA06B1BA5}.Release|x64.ActiveCfg = Release|x64
		{FE180983-95F7-496C-8B5E-B01AA06B1BA5}.Release|x64.Build.0 = Release|x64
		{FE180983-95F7-496C-8B5E-B01AA06B1BA5}.Release|x86.ActiveCfg = Release|Win32
		{FE180983-95F7-496C-8B5E-B01AA06B1BA5}.Release|x86.Build.0 = Release|Win32
		{2E9659E5-0D91-46C9-A4DA-05504423E98F}.Debug|x64.ActiveCfg = Debug|x64
		{2E9659E5-0D91-46C9-A4DA-05504423E98F}.Debug|x64.Build.0 = Debug|x64
		{2E9659E5-0D91-46C9-A4DA-05504423E98F}.Debug|x86.ActiveCfg = Debug|Win32
		{2E9659E5-0D91-46C9-A4DA-05504423E98F}.Debug|x86.Build.0 = Debug|Win32
		{2E9659E5-0D91-46C9-A4DA-05504423E98F}.Release|x64.ActiveCfg = Release|x64
		{2E9659E5-0D91-46C9-A4DA-05504423E98F}.Release|x64.Build.0 = Release|x64
		{2E9659E5-0D91-46C9-A4DA-05504423E98F}.Release|x86.ActiveCfg = Release|Win32
		{2E9659E5-0D91-46C9-A4DA-05504423E98F}.Release|x86.Build.0 = Release|Win32
		{7E6CE79B-61CB-47DF-BCF5-D99246F5DD83}.Debug|x64.ActiveCfg = Debug|x64
		{7E6CE79B-61CB-47DF-BCF5-D99246F5DD83}.Debug|x64.Build.0 = Debug|x64
		{7E6CE79B-61CB-47DF-BCF5-D99246F5DD83}.Debug|x86.ActiveCfg = Debug|Win32
		{7E6CE79B-61CB-47DF-BCF5-D99246F5DD83}.Debug|x86.Build.0 = Debug|Win32
		{7E6CE79B-61CB-47DF-BCF5-D99246F5DD83}.Release|x64.ActiveCfg = Release|x64
		{7E6CE79B-61CB-47DF-BCF5-D99246F5DD83}.Release|x64.Build.0 = Release|x64
		{7E6CE79B-61CB-47DF-BCF5-D99246F5DD83}.Release|x86.ActiveCfg = Release|Win32
		{7E6CE79B-61CB-47DF-BCF5-D99246F5DD83}.Release|x86.Build.0 = Release|Win32
	EndGlobalSection
	GlobalSection(SolutionProperties) = preSolution
		HideSolutionNode = FALSE
	EndGlobalSection
	GlobalSection(ExtensibilityGlobals) = postSolution
		SolutionGuid = {3CFB2EB2-8FD8-441D-A586-F9B528C49796}
	EndGlobalSection
EndGlobal
